# This file is autogenerated, do not edit; changes may be undone by the next 'dep ensure'.


[[projects]]
  name = "github.com/BurntSushi/toml"
  packages = ["."]
  revision = "b26d9c308763d68093482582cea63d69be07a0f0"
  version = "v0.3.0"

[[projects]]
  name = "github.com/boltdb/bolt"
  packages = ["."]
  revision = "2f1ce7a837dcb8da3ec595b1dac9d0632f0f99e8"
  version = "v1.3.1"

[[projects]]
  branch = "master"
  name = "github.com/btcsuite/btcd"
  packages = [
    "btcec",
    "btcjson",
    "chaincfg",
    "chaincfg/chainhash",
    "rpcclient",
    "wire"
  ]
  revision = "2be2f12b358dc57d70b8f501b00be450192efbc3"

[[projects]]
  branch = "master"
  name = "github.com/btcsuite/btclog"
  packages = ["."]
  revision = "84c8d2346e9fc8c7b947e243b9c24e6df9fd206a"

[[projects]]
  branch = "master"
  name = "github.com/btcsuite/btcutil"
  packages = [
    ".",
    "base58",
    "bech32"
  ]
  revision = "501929d3d046174c3d39f0ea54ece471aa17238c"

[[projects]]
  branch = "master"
  name = "github.com/btcsuite/go-socks"
  packages = ["socks"]
  revision = "4720035b7bfd2a9bb130b1c184f8bbe41b6f0d0f"

[[projects]]
  branch = "master"
  name = "github.com/btcsuite/websocket"
  packages = ["."]
  revision = "31079b6807923eb23992c421b114992b95131b55"

[[projects]]
  name = "github.com/cenkalti/backoff"
  packages = ["."]
  revision = "61153c768f31ee5f130071d08fc82b85208528de"
  version = "v1.1.0"

[[projects]]
  name = "github.com/op/go-logging"
  packages = ["."]
  revision = "b2cb9fa56473e98db8caba80237377e83fe44db5"
  version = "v1"

[[projects]]
  name = "github.com/shopspring/decimal"
  packages = ["."]
  revision = "69b3a8ad1f5f2c8bd855cb6506d18593064a346b"
  version = "1.0.1"

[[projects]]
  name = "github.com/skycoin/skycoin"
  packages = [
    "src/api/cli",
    "src/api/webrpc",
    "src/cipher",
    "src/cipher/base58",
    "src/cipher/chacha20",
    "src/cipher/encoder",
    "src/cipher/go-bip39",
    "src/cipher/ripemd160",
    "src/cipher/secp256k1-go",
    "src/cipher/secp256k1-go/secp256k1-go2",
    "src/coin",
    "src/daemon",
    "src/daemon/gnet",
    "src/daemon/pex",
    "src/daemon/strand",
    "src/util/droplet",
    "src/util/elapse",
    "src/util/fee",
    "src/util/file",
    "src/util/http",
    "src/util/logging",
    "src/util/utc",
    "src/visor",
    "src/visor/blockdb",
    "src/visor/bucket",
    "src/visor/historydb",
    "src/wallet"
  ]
  revision = "4a11cd3a2841bbb555734c6889838fefabfa1b41"
  version = "v0.21.1"

[[projects]]
  name = "github.com/urfave/cli"
  packages = ["."]
  revision = "cfb38830724cc34fedffe9a2a29fb54fa9169cd1"
  version = "v1.20.0"

[[projects]]
  branch = "master"
  name = "golang.org/x/crypto"
  packages = [
    "pbkdf2",
    "ripemd160"
  ]
  revision = "c7dcf104e3a7a1417abc0230cb0d5240d764159d"

[[projects]]
  branch = "master"
  name = "golang.org/x/net"
  packages = ["context"]
  revision = "d0aafc73d5cdc42264b0af071c261abac580695e"

[[projects]]
  branch = "master"
  name = "golang.org/x/sys"
  packages = ["unix"]
  revision = "7dca6fe1f43775aa6d1334576870ff63f978f539"

[solve-meta]
  analyzer-name = "dep"
  analyzer-version = 1
  inputs-digest = "0a3edaa73299034f2b511f9e1d24220283afc6691c7b91c2179a9ed5543b9a43"
  solver-name = "gps-cdcl"
  solver-version = 1
