# This file is autogenerated, do not edit; changes may be undone by the next 'dep ensure'.


[[projects]]
  name = "github.com/ethereum/go-ethereum"
  packages = [
    "common/math",
    "crypto/secp256k1"
  ]
  revision = "dea1ce052a10cd7d401a5c04f83f371a06fe293c"
  version = "v1.8.11"

[[projects]]
  branch = "master"
  name = "github.com/golang-collections/go-datastructures"
  packages = ["queue"]
  revision = "59788d5eb2591d3497ffb8fafed2f16fe00e7775"

[[projects]]
  branch = "master"
  name = "github.com/onrik/ethrpc"
  packages = ["."]
  revision = "a38990194dea417644f4f383279ab737aa8abb4a"

[solve-meta]
  analyzer-name = "dep"
  analyzer-version = 1
  inputs-digest = "833fd0838b67ecf1d005396277ba9b656cd30202a267c19cb20de54a65e83221"
  solver-name = "gps-cdcl"
  solver-version = 1
