# This file is autogenerated, do not edit; changes may be undone by the next 'dep ensure'.


[[projects]]
  name = "github.com/namsral/flag"
  packages = ["."]
  revision = "71ceffbeb0ba60fccc853971bb3ed4d7d90bfd04"
  version = "v1.7.4-pre"

[solve-meta]
  analyzer-name = "dep"
  analyzer-version = 1
  inputs-digest = "39afaf78ab41081ede41ebccf97bfea42980056cae13aeef9cf8dc997c703917"
  solver-name = "gps-cdcl"
  solver-version = 1
